
Microsoft Visual Studio Solution File, Format Version 12.00
# Visual Studio 15
VisualStudioVersion = 15.0.27130.2036
MinimumVisualStudioVersion = 10.0.40219.1
Project("{FAE04EC0-301F-11D3-BF4B-00C04F79EFBC}") = "ChatFrame", "ChatFrame\ChatFrame.csproj", "{3BBD1F84-F9EA-4912-92C3-24EF4F1E01F8}"
EndProject
Global
	GlobalSection(SolutionConfigurationPlatforms) = preSolution
		Debug|Any CPU = Debug|Any CPU
		Release|Any CPU = Release|Any CPU
	EndGlobalSection
	GlobalSection(ProjectConfigurationPlatforms) = postSolution
		{3BBD1F84-F9EA-4912-92C3-24EF4F1E01F8}.Debug|Any CPU.ActiveCfg = Debug|Any CPU
		{3BBD1F84-F9EA-4912-92C3-24EF4F1E01F8}.Debug|Any CPU.Build.0 = Debug|Any CPU
		{3BBD1F84-F9EA-4912-92C3-24EF4F1E01F8}.Release|Any CPU.ActiveCfg = Release|Any CPU
		{3BBD1F84-F9EA-4912-92C3-24EF4F1E01F8}.Release|Any CPU.Build.0 = Release|Any CPU
	EndGlobalSection
	GlobalSection(SolutionProperties) = preSolution
		HideSolutionNode = FALSE
	EndGlobalSection
	GlobalSection(ExtensibilityGlobals) = postSolution
		SolutionGuid = {AD09FB7A-9961-478E-9307-6312C0D4DFBA}
	EndGlobalSection
EndGlobal
